{
  "nodes": {
    "devshell": {
      "inputs": {
        "flake-utils": [
          "flake-utils"
        ],
        "nixpkgs": [
          "nixpkgs"
        ]
      },
      "locked": {
        "lastModified": 1671489820,
        "narHash": "sha256-qoei5HDJ8psd1YUPD7DhbHdhLIT9L2nadscp4Qk37uk=",
        "owner": "numtide",
        "repo": "devshell",
        "rev": "5aa3a8039c68b4bf869327446590f4cdf90bb634",
        "type": "github"
      },
      "original": {
        "owner": "numtide",
        "repo": "devshell",
        "type": "github"
      }
    },
    "flake-utils": {
      "locked": {
        "lastModified": 1667395993,
        "narHash": "sha256-nuEHfE/LcWyuSWnS8t12N1wc105Qtau+/OdUAjtQ0rA=",
        "owner": "numtide",
        "repo": "flake-utils",
        "rev": "5aed5285a952e0b949eb3ba02c12fa4fcfef535f",
        "type": "github"
      },
      "original": {
        "id": "flake-utils",
        "type": "indirect"
      }
    },
    "nixpkgs": {
      "locked": {
        "lastModified": 1671313200,
        "narHash": "sha256-itZTrtHeDJjV696+ur0/TzkTqb5y3Eb57WRLRPK3rwA=",
        "path": "/nix/store/059pc9vdgzwgd0xsm2i8hsysxlxs2al7-source",
        "rev": "0938d73bb143f4ae037143572f11f4338c7b2d1c",
        "type": "path"
      },
      "original": {
        "id": "nixpkgs",
        "type": "indirect"
      }
    },
    "root": {
      "inputs": {
        "devshell": "devshell",
        "flake-utils": "flake-utils",
        "nixpkgs": "nixpkgs"
      }
    }
  },
  "root": "root",
  "version": 7
}
